# THIS IS AN AUTOGENERATED FILE. DO NOT EDIT THIS FILE DIRECTLY.
# yarn lockfile v1


"@a-la/export@1.3.0":
  version "1.3.0"
  resolved "https://registry.yarnpkg.com/@a-la/export/-/export-1.3.0.tgz#aaa22530315f85557331ddd2fc096b1b20d11afb"
  integrity sha512-IeKQCGLTNgs7fXe23FiJEO0z1XYqNBl5FE+BBXcKgDhT6MRBeorqyh1rqE+95fxlfmgXy+eGENWe8o2Kz1lehQ==

"@a-la/import@1.7.0":
  version "1.7.0"
  resolved "https://registry.yarnpkg.com/@a-la/import/-/import-1.7.0.tgz#169849ac4ac50558867f89e38f841dc2eee51ae8"
  integrity sha512-4iLDtywkxKaRupaLcc/ZNSxE0HWiag3z/9DsfWU0smdwXmgfkcqM9lGwhGM4vkB3YqXTOD3MtGRxxjrOIjDtjQ==

"@a-la/markers@1.0.3":
  version "1.0.3"
  resolved "https://registry.yarnpkg.com/@a-la/markers/-/markers-1.0.3.tgz#2800c812acce35d01756cd82a0553320d405f38d"
  integrity sha512-Ex51MqG+NEXyfNjkR9uthB2vQV3qy5QAa+yvB3uIhmONsO7CQIWQ+bI+wf1bqDnhWPvL6Z7aeT6wKmdJce2LvA==
  dependencies:
    restream "3.1.1"

"@artdeco/clean-stack@1.0.0":
  version "1.0.0"
  resolved "https://registry.yarnpkg.com/@artdeco/clean-stack/-/clean-stack-1.0.0.tgz#36ff9c9f66e6cb1eb0bfa90341be21cba70c7ea6"
  integrity sha512-lNrvCAG7xU8z2srq7XSbyDECGEjhXiXlP3CbQ4G0OSTckUBnu7yY7zUcpDK5x1CxyWvDKb3qsUkKKgK703GBeA==

"@coolaj86/urequest@^1.3.6":
  version "1.3.6"
  resolved "https://registry.yarnpkg.com/@coolaj86/urequest/-/urequest-1.3.6.tgz#e962d62000d7786a3920e5ef2c863223353b2e7f"
  integrity sha512-9rBXLFSb5D19opGeXdD/WuiFJsA4Pk2r8VUGEAeUZUxB1a2zB47K85BKAx3Gy9i4nZwg22ejlJA+q9DVrpQlbA==

"@wrote/ensure-path@1.0.3":
  version "1.0.3"
  resolved "https://registry.yarnpkg.com/@wrote/ensure-path/-/ensure-path-1.0.3.tgz#7faeff4ebb5b3972b745e0cc85f3e06cbca51d51"
  integrity sha512-rp1HNLlxzGwiYB/hEcJeejPoSkyS96xPmRVfzEu/BqV/KPtPUhUiRIxhYQykQPQVhql9qwy2fYrGszG3UBCKGw==
  dependencies:
    makepromise "3.0.1"

"@wrote/read-dir-structure@1.0.1":
  version "1.0.1"
  resolved "https://registry.yarnpkg.com/@wrote/read-dir-structure/-/read-dir-structure-1.0.1.tgz#fe1bf41715a0dbf7c2fb65a7d7b4fefab127eb24"
  integrity sha1-/hv0FxWg2/fC+2Wn17T++rEn6yQ=
  dependencies:
    makepromise "2.0.0"

"@wrote/read@1.0.0":
  version "1.0.0"
  resolved "https://registry.yarnpkg.com/@wrote/read/-/read-1.0.0.tgz#ab57de1def7af1ec0b63853b63147ed641ba0db0"
  integrity sha512-oUI1SAvdlTVYlbro4sfm5OzsT6GSuisqrJsi2YqaAgVNykqm5flPXsnttOeDksjvMD9LjHXPMkTtmytmzfoluQ==
  dependencies:
    catchment "3.1.1"

acme-v2@^1.1.0, acme-v2@^1.2.0:
  version "1.2.1"
  resolved "https://registry.yarnpkg.com/acme-v2/-/acme-v2-1.2.1.tgz#15ef5063b45172e900cfa6f05d608bde590860cc"
  integrity sha512-7FRl/vgZpcm7VCOiiAU6ntkclHkkEdCk1uNAkuEA0sZ8R0YX3pBjh066y/QqzEAfmDbbiYr+DYlVhZoHTbmXEQ==
  dependencies:
    "@coolaj86/urequest" "^1.3.6"
    rsa-compat "^1.5.1"

acme@^1.0.6:
  version "1.1.1"
  resolved "https://registry.yarnpkg.com/acme/-/acme-1.1.1.tgz#8831797657303336eb3d3d06f42d6152081f42bf"
  integrity sha512-CZFTpD2hGSE8dd63vHtvdhabondEhgmpL0wH0weV0pk+I1WH9RVcJbdR6MgoalsUtJW/SaC+OxUDrcjINur1ow==
  dependencies:
    acme-v2 "^1.1.0"

alamode@1.6.1:
  version "1.6.1"
  resolved "https://registry.yarnpkg.com/alamode/-/alamode-1.6.1.tgz#9786829ee444f4537ee84e1b67b0b6a2246b2ecb"
  integrity sha512-XEVYXHjR7zVVxextZVe4zLv7uEFgWzq6Rl1ArX8uCqBlvONcDWyFfvyYpk5NGfE6ve+88M0Lof6+5U0cRN+H1Q==
  dependencies:
    "@a-la/export" "1.3.0"
    "@a-la/import" "1.7.0"
    "@a-la/markers" "1.0.3"
    "@wrote/ensure-path" "1.0.3"
    "@wrote/read-dir-structure" "1.0.1"
    argufy "1.2.1"
    catchment "3.2.0"
    pirates "4.0.0"
    restream "3.4.1"
    source-map "0.7.3"
    usually "1.1.0"
    which-stream "1.0.1"

argufy@1.2.1:
  version "1.2.1"
  resolved "https://registry.yarnpkg.com/argufy/-/argufy-1.2.1.tgz#34985fe1087dee7fd96c92fad17c0dd137991d95"
  integrity sha1-NJhf4Qh97n/ZbJL60XwN0TeZHZU=

asn1js@^1.2.12:
  version "1.2.12"
  resolved "https://registry.yarnpkg.com/asn1js/-/asn1js-1.2.12.tgz#87d5ee797596ae2d2a3cb0247220dc42ffc3f211"
  integrity sha1-h9XueXWWri0qPLAkciDcQv/D8hE=

balanced-match@^1.0.0:
  version "1.0.0"
  resolved "https://registry.yarnpkg.com/balanced-match/-/balanced-match-1.0.0.tgz#89b4d199ab2bee49de164ea02b89ce462d71b767"
  integrity sha1-ibTRmasr7kneFk6gK4nORi1xt2c=

bindings@^1.3.0:
  version "1.3.1"
  resolved "https://registry.yarnpkg.com/bindings/-/bindings-1.3.1.tgz#21fc7c6d67c18516ec5aaa2815b145ff77b26ea5"
  integrity sha512-i47mqjF9UbjxJhxGf+pZ6kSxrnI3wBLlnGI2ArWJ4r0VrvDS7ZYXkprq/pLaBWYq4GM0r4zdHY+NNRqEMU7uew==

bluebird@^3.5.1:
  version "3.5.3"
  resolved "https://registry.yarnpkg.com/bluebird/-/bluebird-3.5.3.tgz#7d01c6f9616c9a51ab0f8c549a79dfe6ec33efa7"
  integrity sha512-/qKPUQlaW1OyR51WeCPBvRnAlnZFUJkCSG5HzGnuIqhgyJtF+T94lFnn33eiazjRm2LAHVy2guNnaq48X9SJuw==

brace-expansion@^1.1.7:
  version "1.1.11"
  resolved "https://registry.yarnpkg.com/brace-expansion/-/brace-expansion-1.1.11.tgz#3c7fcbf529d87226f3d2f52b966ff5271eb441dd"
  integrity sha512-iCuPHDFgrHX7H2vEI/5xpz07zSHB00TpugqhmYtVmMO6518mCuRMoOYFldEBl0g187ufozdaHgWKcYFb61qGiA==
  dependencies:
    balanced-match "^1.0.0"
    concat-map "0.0.1"

catchment@3.0.1:
  version "3.0.1"
  resolved "https://registry.yarnpkg.com/catchment/-/catchment-3.0.1.tgz#11dab5fea86d412343e797e052b21091b7e83a55"
  integrity sha512-rT/WIcR2hBPwlcOLx7ULAM6yWBLfDjVTMnzrMyjxKhFKAWClVTjDSoe8mxn3ZyAlCyg+Vbtw1iPopa6YxUkW4A==

catchment@3.1.1:
  version "3.1.1"
  resolved "https://registry.yarnpkg.com/catchment/-/catchment-3.1.1.tgz#dad005e4383cb56f0108d8ea1f877608df22be59"
  integrity sha512-4PXPVDARu22RQ1I4AqtcH7vLCLmywPvfaT/Z+NOkL2FjsMYmVo6NsTpwe2o2+VVAAVI73jOwwrbE1xn9I9wJkg==
  dependencies:
    "@artdeco/clean-stack" "1.0.0"
    erotic "2.0.1"

catchment@3.2.0:
  version "3.2.0"
  resolved "https://registry.yarnpkg.com/catchment/-/catchment-3.2.0.tgz#1b846c4a4acd488061b1b054274edd2f5111cd8d"
  integrity sha512-mGhiTkSgPaKAEeB0lVLRM+TWlzkoPq5SGvAgsjNayfBzQjqwRdPIUs2Y1ksvU5WsP5JdtcPVFyyGLM6K8xnQqA==
  dependencies:
    "@artdeco/clean-stack" "1.0.0"
    erotic "2.0.1"

certpem@^1.1.0:
  version "1.1.2"
  resolved "https://registry.yarnpkg.com/certpem/-/certpem-1.1.2.tgz#b532a03e9be59dcfe99c0350aff21d6bbbb4b83d"
  integrity sha512-rqddNO1OdN6o7j1C486Os9USHgGEyoBSRHDgVAqx0jVAmGlgGQ1XPCrrl2KKxzdWBNC184V3gpV5BsvcDDQ+Vg==
  dependencies:
    asn1js "^1.2.12"
    pkijs "^1.3.27"

clean-stack@1.3.0:
  version "1.3.0"
  resolved "https://registry.yarnpkg.com/clean-stack/-/clean-stack-1.3.0.tgz#9e821501ae979986c46b1d66d2d432db2fd4ae31"
  integrity sha1-noIVAa6XmYbEax1m0tQy2y/UrjE=

cli@^1.0.1:
  version "1.0.1"
  resolved "https://registry.yarnpkg.com/cli/-/cli-1.0.1.tgz#22817534f24bfa4950c34d532d48ecbc621b8c14"
  integrity sha1-IoF1NPJL+klQw01TLUjsvGIbjBQ=
  dependencies:
    exit "0.1.2"
    glob "^7.1.1"

concat-map@0.0.1:
  version "0.0.1"
  resolved "https://registry.yarnpkg.com/concat-map/-/concat-map-0.0.1.tgz#d8a96bd77fd68df7793a73036a3ba0d5405d477b"
  integrity sha1-2Klr13/Wjfd5OnMDajug1UBdR3s=

erotic@1.0.1:
  version "1.0.1"
  resolved "https://registry.yarnpkg.com/erotic/-/erotic-1.0.1.tgz#222fedd8215937b9e5d0ec37abb27889af63776f"
  integrity sha1-Ii/t2CFZN7nl0Ow3q7J4ia9jd28=
  dependencies:
    clean-stack "1.3.0"

erotic@1.2.1:
  version "1.2.1"
  resolved "https://registry.yarnpkg.com/erotic/-/erotic-1.2.1.tgz#f5265147573991578808de69af28316aa788f0ae"
  integrity sha1-9SZRR1c5kVeICN5prygxaqeI8K4=
  dependencies:
    clean-stack "1.3.0"

erotic@2.0.1:
  version "2.0.1"
  resolved "https://registry.yarnpkg.com/erotic/-/erotic-2.0.1.tgz#bcb45bf61e5a3a9006bbee2cf998515a56f3961b"
  integrity sha512-4J/dXhlM9lFYI5GvY4vS+W2M8w5Rmrj+Hh6y/GNb8u1YK6B/jszBMbMRJRDSSbTblbqDD23+97MrMl9hVxqmGg==
  dependencies:
    "@artdeco/clean-stack" "1.0.0"

exit@0.1.2:
  version "0.1.2"
  resolved "https://registry.yarnpkg.com/exit/-/exit-0.1.2.tgz#0632638f8d877cc82107d30a0fff1a17cba1cd0c"
  integrity sha1-BjJjj42HfMghB9MKD/8aF8uhzQw=

fs.realpath@^1.0.0:
  version "1.0.0"
  resolved "https://registry.yarnpkg.com/fs.realpath/-/fs.realpath-1.0.0.tgz#1504ad2523158caa40db4a2787cb01411994ea4f"
  integrity sha1-FQStJSMVjKpA20onh8sBQRmU6k8=

glob@^7.1.1:
  version "7.1.3"
  resolved "https://registry.yarnpkg.com/glob/-/glob-7.1.3.tgz#3960832d3f1574108342dafd3a67b332c0969df1"
  integrity sha512-vcfuiIxogLV4DlGBHIUOwI0IbrJ8HWPc4MU7HzviGeNho/UJDfi6B5p3sHeWIQ0KGIU0Jpxi5ZHxemQfLkkAwQ==
  dependencies:
    fs.realpath "^1.0.0"
    inflight "^1.0.4"
    inherits "2"
    minimatch "^3.0.4"
    once "^1.3.0"
    path-is-absolute "^1.0.0"

greenlock-cli@2.3.1:
  version "2.3.1"
  resolved "https://registry.yarnpkg.com/greenlock-cli/-/greenlock-cli-2.3.1.tgz#be9c8126ce5143c7cce52898839f6d99efb618ee"
  integrity sha512-EtysZBbDNgR3EUImK/0MH3LMCahzC8Q3X3qOoOy9MWxE/K8SWQLY6aP0QLj8vnwhQcCi/pDpEiBzm4FH5dhNww==
  dependencies:
    cli "^1.0.1"
    greenlock "^2.2.15"
    le-challenge-manual "^2.1.0"
    le-challenge-standalone "^2.1.0"
    le-store-certbot "^2.1.0"
    mkdirp "^0.5.1"

greenlock@^2.2.15:
  version "2.4.10"
  resolved "https://registry.yarnpkg.com/greenlock/-/greenlock-2.4.10.tgz#59a5878d76fba962aeec0b609b2a7a097a102261"
  integrity sha512-vLJ41rhuzmf/DRqceWKXvhoU6yZ8l1b+o3idExea/RANkPT4hs/2qg7hFzjLRngQEYP4LmgeFPbeqPYQV8m+zQ==
  dependencies:
    acme "^1.0.6"
    acme-v2 "^1.2.0"
    certpem "^1.1.0"
    le-challenge-fs "^2.0.2"
    le-sni-auto "^2.1.3"
    le-store-certbot "^2.1.7"
    rsa-compat "^1.5.0"

inflight@^1.0.4:
  version "1.0.6"
  resolved "https://registry.yarnpkg.com/inflight/-/inflight-1.0.6.tgz#49bd6331d7d02d0c09bc910a1075ba8165b56df9"
  integrity sha1-Sb1jMdfQLQwJvJEKEHW6gWW1bfk=
  dependencies:
    once "^1.3.0"
    wrappy "1"

inherits@2:
  version "2.0.3"
  resolved "https://registry.yarnpkg.com/inherits/-/inherits-2.0.3.tgz#633c2c83e3da42a502f52466022480f4208261de"
  integrity sha1-Yzwsg+PaQqUC9SRmAiSA9CCCYd4=

le-challenge-fs@^2.0.2:
  version "2.0.8"
  resolved "https://registry.yarnpkg.com/le-challenge-fs/-/le-challenge-fs-2.0.8.tgz#b6d458a37f097e87df3d8b5ff67013737ab9d5a2"
  integrity sha1-ttRYo38JfoffPYtf9nATc3q51aI=
  dependencies:
    mkdirp "^0.5.1"

le-challenge-manual@^2.1.0:
  version "2.1.0"
  resolved "https://registry.yarnpkg.com/le-challenge-manual/-/le-challenge-manual-2.1.0.tgz#cc16ab7b9d3940da1995649c02ff8bad540a8ce3"
  integrity sha1-zBare505QNoZlWScAv+LrVQKjOM=

le-challenge-standalone@^2.1.0:
  version "2.1.0"
  resolved "https://registry.yarnpkg.com/le-challenge-standalone/-/le-challenge-standalone-2.1.0.tgz#5f6347b88d9b1b0fde113ce8fbd363f9bf1759b2"
  integrity sha1-X2NHuI2bGw/eETzo+9Nj+b8XWbI=

le-sni-auto@^2.1.3:
  version "2.1.6"
  resolved "https://registry.yarnpkg.com/le-sni-auto/-/le-sni-auto-2.1.6.tgz#32a00bfb2364814d57670b0c2e28e5e32bb08b00"
  integrity sha512-LcfkF2yQ1nrep+ZfyG+SfR3pHphKFD3zMZ9FKervGfTfvgScCv/XGbX+vxsGZEKZjvzxKbFZ/5LdSCXuLXUU6A==
  dependencies:
    bluebird "^3.5.1"

le-store-certbot@^2.1.0, le-store-certbot@^2.1.7:
  version "2.2.1"
  resolved "https://registry.yarnpkg.com/le-store-certbot/-/le-store-certbot-2.2.1.tgz#ee67d89991978855ca7cc8afa1812d2110abdc58"
  integrity sha512-BhljZjTULhbNBAT6RBiv4TeZegFraMxURYEvh3WRUI048zmXf4ZfC8gwbdu5fnD2tTCsS9fbsCOAQyrFBl4jlA==
  dependencies:
    mkdirp "^0.5.1"
    pyconf "^1.1.5"
    safe-replace "^1.0.3"

makepromise@2.0.0:
  version "2.0.0"
  resolved "https://registry.yarnpkg.com/makepromise/-/makepromise-2.0.0.tgz#3b91b9de3e36cd6979c94c38392f04ba4d8e1f18"
  integrity sha1-O5G53j42zWl5yUw4OS8Euk2OHxg=
  dependencies:
    erotic "1.0.1"

makepromise@3.0.1:
  version "3.0.1"
  resolved "https://registry.yarnpkg.com/makepromise/-/makepromise-3.0.1.tgz#5610962047452f91b278c4d3bdc1c854185d913e"
  integrity sha512-7HaS+sBv5yQJyGGqhmbnRyam+WuEmGuQ77N7+ymvRaOTm8ntEyWCk3XMpAkgpSO1N1kWwO9BNJqd/HItJNITbg==
  dependencies:
    erotic "1.2.1"

minimatch@^3.0.4:
  version "3.0.4"
  resolved "https://registry.yarnpkg.com/minimatch/-/minimatch-3.0.4.tgz#5166e286457f03306064be5497e8dbb0c3d32083"
  integrity sha512-yJHVQEhyqPLUTgt9B83PXu6W3rx4MvvHvSUvToogpwoGDOUQ+yDrR0HRot+yOCdCO7u4hX3pWft6kWBBcqh0UA==
  dependencies:
    brace-expansion "^1.1.7"

minimist@0.0.8:
  version "0.0.8"
  resolved "https://registry.yarnpkg.com/minimist/-/minimist-0.0.8.tgz#857fcabfc3397d2625b8228262e86aa7a011b05d"
  integrity sha1-hX/Kv8M5fSYluCKCYuhqp6ARsF0=

mkdirp@^0.5.1:
  version "0.5.1"
  resolved "https://registry.yarnpkg.com/mkdirp/-/mkdirp-0.5.1.tgz#30057438eac6cf7f8c4767f38648d6697d75c903"
  integrity sha1-MAV0OOrGz3+MR2fzhkjWaX11yQM=
  dependencies:
    minimist "0.0.8"

nan@^2.11.1:
  version "2.11.1"
  resolved "https://registry.yarnpkg.com/nan/-/nan-2.11.1.tgz#90e22bccb8ca57ea4cd37cc83d3819b52eea6766"
  integrity sha512-iji6k87OSXa0CcrLl9z+ZiYSuR2o+c0bGuNmXdrhTQTakxytAFsC56SArGYoiHlJlFoHSnvmhpceZJaXkVuOtA==

node-forge@^0.7.6:
  version "0.7.6"
  resolved "https://registry.yarnpkg.com/node-forge/-/node-forge-0.7.6.tgz#fdf3b418aee1f94f0ef642cd63486c77ca9724ac"
  integrity sha512-sol30LUpz1jQFBjOKwbjxijiE3b6pjd74YwfD0fJOKPjF+fONKb2Yg8rYgS6+bK6VDl+/wfr4IYpC7jDzLUIfw==

node-modules-regexp@^1.0.0:
  version "1.0.0"
  resolved "https://registry.yarnpkg.com/node-modules-regexp/-/node-modules-regexp-1.0.0.tgz#8d9dbe28964a4ac5712e9131642107c71e90ec40"
  integrity sha1-jZ2+KJZKSsVxLpExZCEHxx6Q7EA=

once@^1.3.0:
  version "1.4.0"
  resolved "https://registry.yarnpkg.com/once/-/once-1.4.0.tgz#583b1aa775961d4b113ac17d9c50baef9dd76bd1"
  integrity sha1-WDsap3WWHUsROsF9nFC6753Xa9E=
  dependencies:
    wrappy "1"

path-is-absolute@^1.0.0:
  version "1.0.1"
  resolved "https://registry.yarnpkg.com/path-is-absolute/-/path-is-absolute-1.0.1.tgz#174b9268735534ffbc7ace6bf53a5a9e1b5c5f5f"
  integrity sha1-F0uSaHNVNP+8es5r9TpanhtcX18=

pirates@4.0.0:
  version "4.0.0"
  resolved "https://registry.yarnpkg.com/pirates/-/pirates-4.0.0.tgz#850b18781b4ac6ec58a43c9ed9ec5fe6796addbd"
  integrity sha512-8t5BsXy1LUIjn3WWOlOuFDuKswhQb/tkak641lvBgmPOBUQHXveORtlMCp6OdPV1dtuTaEahKA8VNz6uLfKBtA==
  dependencies:
    node-modules-regexp "^1.0.0"

pkijs@^1.3.27:
  version "1.3.33"
  resolved "https://registry.yarnpkg.com/pkijs/-/pkijs-1.3.33.tgz#a689ef62113b7c348e1ffc09965d2239e5bb4c92"
  integrity sha1-ponvYhE7fDSOH/wJll0iOeW7TJI=

pyconf@^1.1.5:
  version "1.1.6"
  resolved "https://registry.yarnpkg.com/pyconf/-/pyconf-1.1.6.tgz#ebd8e8e8aaba5d48c35423b81b61429323e287a2"
  integrity sha512-4ujjwqch6nViWduSLc3/QFrDdJJAvAE7NRBarSGLANwh0tNW0MbXeJE8ZziJZvzRnUEN5scYwsS+ItYU1uj6dQ==
  dependencies:
    safe-replace "^1.0.2"

restream@3.1.1:
  version "3.1.1"
  resolved "https://registry.yarnpkg.com/restream/-/restream-3.1.1.tgz#36084997bd3e765c2da484700e16b850c2f9ffb4"
  integrity sha512-mFHfHno39K371GeDxN07bDK6LtGqoA0PQVePRAQ1kwWVgjDiwkHhLif/4HrCoCWNIv6SXLHePCiMomX4j5Y5ZA==

restream@3.4.1:
  version "3.4.1"
  resolved "https://registry.yarnpkg.com/restream/-/restream-3.4.1.tgz#3ae08677176a2ba484a55b7e2ec2105d7847f07e"
  integrity sha512-aWur+X3dItQjmw2c7KPiyy2BEw20+0d1nk0IAgVEqcvNrGh7MZ4stZ1KnSr5ekcHwI9VDP/3lJ6N2+nLIZduLA==
  dependencies:
    "@artdeco/clean-stack" "1.0.0"

rsa-compat@^1.5.0, rsa-compat@^1.5.1:
  version "1.6.1"
  resolved "https://registry.yarnpkg.com/rsa-compat/-/rsa-compat-1.6.1.tgz#768096a9064392fe292413cdb15a599413664555"
  integrity sha512-mkCsPhY3CLj3ktb55V9KvBd71luFZ8Jm54FGXiCKzI053q5pannwXGKFLmQHtonbEOY26nkznXO7sHRWopkpRw==
  dependencies:
    node-forge "^0.7.6"
  optionalDependencies:
    ursa-optional "^0.9.6"

safe-replace@^1.0.2, safe-replace@^1.0.3:
  version "1.1.0"
  resolved "https://registry.yarnpkg.com/safe-replace/-/safe-replace-1.1.0.tgz#432821b5a8139a38b534678d712f0850fe3e5235"
  integrity sha512-9/V2E0CDsKs9DWOOwJH7jYpSl9S3N05uyevNjvsnDauBqRowBPOyot1fIvV5N2IuZAbYyvrTXrYFVG0RZInfFw==

source-map@0.7.3:
  version "0.7.3"
  resolved "https://registry.yarnpkg.com/source-map/-/source-map-0.7.3.tgz#5302f8169031735226544092e64981f751750383"
  integrity sha512-CkCj6giN3S+n9qrYiBTX5gystlENnRW5jZeNLHpe6aue+SrHcG5VYwujhW9s4dY31mEGsxBDrHR6oI69fTXsaQ==

ursa-optional@^0.9.6:
  version "0.9.10"
  resolved "https://registry.yarnpkg.com/ursa-optional/-/ursa-optional-0.9.10.tgz#f2eabfe0b6001dbf07a78740cd0a6e5ba6eb2554"
  integrity sha512-RvEbhnxlggX4MXon7KQulTFiJQtLJZpSb9ZSa7ZTkOW0AzqiVTaLjI4vxaSzJBDH9dwZ3ltZadFiBaZslp6haA==
  dependencies:
    bindings "^1.3.0"
    nan "^2.11.1"

usually@1.1.0:
  version "1.1.0"
  resolved "https://registry.yarnpkg.com/usually/-/usually-1.1.0.tgz#c79965c264596cd3ead181f84dae64dee24b60d6"
  integrity sha512-xGl7nUfT/DifxhZg97MTwjsl795RX0UiNWPvaItg8viTSRujH2D4jSi93yeuKxLDhJyEMId6cnyiD2SdEQ2jLw==

which-stream@1.0.1:
  version "1.0.1"
  resolved "https://registry.yarnpkg.com/which-stream/-/which-stream-1.0.1.tgz#2b495b083b1c31ff68dd4d770b0caa7f86e769af"
  integrity sha512-UANI3ps4Qh+SKR39/z/2NZBNk/FKLYFpbPBc1bv3cX+PRR2ycinKCXpFOMCXv67xWBlSw7nIzd4ZD0hFGNQ99g==
  dependencies:
    catchment "3.0.1"

wrappy@1:
  version "1.0.2"
  resolved "https://registry.yarnpkg.com/wrappy/-/wrappy-1.0.2.tgz#b5243d8f3ec1aa35f1364605bc0d1036e30ab69f"
  integrity sha1-tSQ9jz7BqjXxNkYFvA0QNuMKtp8=
